{
  "name": "terminal-twitter",
  "lockfileVersion": 1,
  "dependencies": {
    "ansi-parser": {
      "version": "https://registry.npmjs.org/ansi-parser/-/ansi-parser-3.2.8.tgz",
      "integrity": "sha1-rYCmNRrF5YzH6Kdhq8A3tVBQQdA="
    },
    "bytes": {
      "version": "https://registry.npmjs.org/bytes/-/bytes-3.0.0.tgz",
      "integrity": "sha1-0ygVQE1olpn4Wk6k+odV3ROpYEg="
    },
    "cli-box": {
      "version": "https://registry.npmjs.org/cli-box/-/cli-box-6.0.7.tgz",
      "integrity": "sha1-xkxsWWuOP8MZ4Qp8lpV3Rz/X5YQ="
    },
    "colors": {
      "version": "https://registry.npmjs.org/colors/-/colors-1.1.2.tgz",
      "integrity": "sha1-FopHAXVran9RoSzgyXv6KMCE7WM="
    },
    "content-type": {
      "version": "https://registry.npmjs.org/content-type/-/content-type-1.0.4.tgz",
      "integrity": "sha1-4TjMdeBAxyexlm/l5fjJruJW/js="
    },
    "deffy": {
      "version": "https://registry.npmjs.org/deffy/-/deffy-2.2.2.tgz",
      "integrity": "sha1-CI9AkTy0cHhlP6b2l8IG4DRx1SM="
    },
    "depd": {
      "version": "https://registry.npmjs.org/depd/-/depd-1.1.1.tgz",
      "integrity": "sha1-V4O04cRZ8G+lyif5kfPQbnoxA1k="
    },
    "function.name": {
      "version": "https://registry.npmjs.org/function.name/-/function.name-1.0.10.tgz",
      "integrity": "sha1-7QDIKNmP+agBhpJv1Dm918FtTw0="
    },
    "http-errors": {
      "version": "https://registry.npmjs.org/http-errors/-/http-errors-1.6.2.tgz",
      "integrity": "sha1-CgAsyFcHGSp+eUbO7cERVfYOxzY="
    },
    "iconv-lite": {
      "version": "https://registry.npmjs.org/iconv-lite/-/iconv-lite-0.4.19.tgz",
      "integrity": "sha1-90aPYBNfXl2tM5nAqBvpoWA6CCs="
    },
    "inherits": {
      "version": "https://registry.npmjs.org/inherits/-/inherits-2.0.3.tgz",
      "integrity": "sha1-Yzwsg+PaQqUC9SRmAiSA9CCCYd4="
    },
    "is-stream": {
      "version": "https://registry.npmjs.org/is-stream/-/is-stream-1.1.0.tgz",
      "integrity": "sha1-EtSj3U5o4Lec6428hBc66A2RykQ="
    },
    "is-undefined": {
      "version": "https://registry.npmjs.org/is-undefined/-/is-undefined-1.0.9.tgz",
      "integrity": "sha1-CaZhve92B/KQIckT9bHBeb68qeY="
    },
    "is-win": {
      "version": "https://registry.npmjs.org/is-win/-/is-win-1.0.8.tgz",
      "integrity": "sha1-KY5lSszkO2wpNbUmwjsmUbq+fYs="
    },
    "micro": {
      "version": "9.1.0",
      "resolved": "https://registry.npmjs.org/micro/-/micro-9.1.0.tgz",
      "integrity": "sha512-0Ap4bXS9MyInYSLBe/5u+qEBY3VgcOTQlAt5wGc3DN/Rk4IH+PdRI47x3/xWBxQWt0ISRgmE4+U72sfm4ksthg=="
    },
    "mri": {
      "version": "https://registry.npmjs.org/mri/-/mri-1.1.0.tgz",
      "integrity": "sha1-XAo/KcjM/7ux7JQdzsCdcfoy82o="
    },
    "noop6": {
      "version": "https://registry.npmjs.org/noop6/-/noop6-1.0.7.tgz",
      "integrity": "sha1-lnZ78gWLpZyoy5FVk0fdyAI5+o4="
    },
    "raw-body": {
      "version": "https://registry.npmjs.org/raw-body/-/raw-body-2.3.2.tgz",
      "integrity": "sha1-vNYMd9Prk83gBQKVw/N5OJvIj4k="
    },
    "setprototypeof": {
      "version": "https://registry.npmjs.org/setprototypeof/-/setprototypeof-1.0.3.tgz",
      "integrity": "sha1-ZlZ+NwQ+608E2RvWWMDL77VbjgQ="
    },
    "statuses": {
      "version": "https://registry.npmjs.org/statuses/-/statuses-1.4.0.tgz",
      "integrity": "sha1-u3PURtonlhBu/MG2AaJT1sRr0Ic="
    },
    "typpy": {
      "version": "https://registry.npmjs.org/typpy/-/typpy-2.3.10.tgz",
      "integrity": "sha1-Y6OeQXHLu0ze+1kACSKKPemiKy8="
    },
    "ul": {
      "version": "https://registry.npmjs.org/ul/-/ul-5.2.13.tgz",
      "integrity": "sha1-n/BQTqNcofdMC/WeZIDe8Am617U="
    },
    "unpipe": {
      "version": "https://registry.npmjs.org/unpipe/-/unpipe-1.0.0.tgz",
      "integrity": "sha1-sr9O6FFKrmFltIF4KdIbLvSZBOw="
    }
  },
  "version": "1.0.1"
}
